{
  "version": 4,
  "terraform_version": "1.0.11",
  "serial": 303,
  "lineage": "7df758bc-07a9-6061-5c19-cf79f156b7a0",
  "outputs": {
    "static_files": {
      "value": {
        "asset-manifest.json": {
          "content": null,
          "content_type": "application/json",
          "digests": {
            "base64sha256": "3hbm3h7hrjOb3eqYRKruisP3aXRhah6xDQhO74XMk8g=",
            "base64sha512": "93YBdBJPk4xcNmyXtJMDrfsffAK+ADdgmr/En2he/OOwuNQ2ElyIckImTseXhAPphctrBCW5D4HkoHddp5CEYg==",
            "md5": "d7d30ef563dccf20ad2b7299fab2f290",
            "sha1": "08eeee2cfe0a0ef4939064f55b2fde9672161057",
            "sha256": "de16e6de1ee1ae339bddea9844aaee8ac3f76974616a1eb10d084eef85cc93c8",
            "sha512": "f7760174124f938c5c366c97b49303adfb1f7c02be0037609abfc49f685efce3b0b8d436125c887242264ec7978403e985cb6b0425b90f81e4a0775da7908462"
          },
          "source_path": "./../airquality-api/build/asset-manifest.json"
        },
        "favicon.ico": {
          "content": null,
          "content_type": "image/vnd.microsoft.icon",
          "digests": {
            "base64sha256": "my6aONpXO1RRZj7hbBuvbAzhMOeEhR5x2Wf570WOO1M=",
            "base64sha512": "jyRyKxDd4T+9jrlNUSr4mT/sU30CSppWqizxDpK9soPbckQoraWBlWgC7PHYkyeHY8H2cxD24H709yiT65pnQw==",
            "md5": "fd73a6eb26a08ee46e7fd3cc34e7f6bf",
            "sha1": "55bbacc4b53578835604e4954cf6bd414accb593",
            "sha256": "9b2e9a38da573b5451663ee16c1baf6c0ce130e784851e71d967f9ef458e3b53",
            "sha512": "8f24722b10dde13fbd8eb94d512af8993fec537d024a9a56aa2cf10e92bdb283db724428ada581956802ecf1d893278763c1f67310f6e07ef4f72893eb9a6743"
          },
          "source_path": "./../airquality-api/build/favicon.ico"
        },
        "index.html": {
          "content": null,
          "content_type": "text/html; charset=utf-8",
          "digests": {
            "base64sha256": "wHTlx8393eu00Ob9Er8misej2HmqefRj9KM3SRwbB/w=",
            "base64sha512": "rp4C15gyGXhNkOIoIzNdPPNJlnTpWc9/Xnh7wXPG/Epywgq/jirkTZIOY6wtBG9uCTfsdjrsv3CS9KIlREiK/Q==",
            "md5": "ea970eb05ee9e862c414b0c55ab524b1",
            "sha1": "4f2e44f2bcdb87a46935de42ce8c2b2587938fb8",
            "sha256": "c074e5c7cdfdddebb4d0e6fd12bf268ac7a3d879aa79f463f4a337491c1b07fc",
            "sha512": "ae9e02d7983219784d90e22823335d3cf3499674e959cf7f5e787bc173c6fc4a72c20abf8e2ae44d920e63ac2d046f6e0937ec763aecbf7092f4a22544488afd"
          },
          "source_path": "./../airquality-api/build/index.html"
        },
        "static/css/2.383c0125.chunk.css": {
          "content": null,
          "content_type": "text/css; charset=utf-8",
          "digests": {
            "base64sha256": "BDFpSAh5pPbaXeiGbl88g3Q4jtf57uyZrSpZ6p75Uo8=",
            "base64sha512": "1FJxVeW1j5YEtth1RT2MWxNSO6BQGQUqLMW59Nwj2XNfCGHdRtleRcfF1t75PuBPvlAPO+0xQgkw4+7uPvaIPQ==",
            "md5": "68df432032408dfd876f9acc35a098a0",
            "sha1": "33afed8127994edf3aaf8143c2f89561eaca771a",
            "sha256": "043169480879a4f6da5de8866e5f3c8374388ed7f9eeec99ad2a59ea9ef9528f",
            "sha512": "d4527155e5b58f9604b6d875453d8c5b13523ba05019052a2cc5b9f4dc23d9735f0861dd46d95e45c7c5d6def93ee04fbe500f3bed31420930e3eeee3ef6883d"
          },
          "source_path": "./../airquality-api/build/static/css/2.383c0125.chunk.css"
        },
        "static/css/2.383c0125.chunk.css.map": {
          "content": null,
          "content_type": "application/octet-stream",
          "digests": {
            "base64sha256": "OE8OPdhwVFluNE0gE7lXgzvgBTBHlE0nS+Mp8c1Rc+A=",
            "base64sha512": "URAACoTxRdxCqt8aIJQOkoXAhFxQQdfZdG483LURn9ncf8EwGou9L7IVp1hBcgpPQxSqDdRpXTZnPQS++WQRIw==",
            "md5": "46067fdd755da51d92505a79334417d4",
            "sha1": "61e25f3611fee01d5b5864ada5ab5b1d242bac41",
            "sha256": "384f0e3dd87054596e344d2013b957833be0053047944d274be329f1cd5173e0",
            "sha512": "5110000a84f145dc42aadf1a20940e9285c0845c5041d7d9746e3cdcb5119fd9dc7fc1301a8bbd2fb215a75841720a4f4314aa0dd4695d36673d04bef9641123"
          },
          "source_path": "./../airquality-api/build/static/css/2.383c0125.chunk.css.map"
        },
        "static/css/main.3f9ef032.chunk.css": {
          "content": null,
          "content_type": "text/css; charset=utf-8",
          "digests": {
            "base64sha256": "eDZMAphyJWxyEFCWoWT0UhqnFqbU9YaBXVWZVL2BdeU=",
            "base64sha512": "iYic9aTqT+eHjrvzX9rHQMT/OzKptp0tVBMHi1uf44pE4H5GpL15eDVsYR0pkqhNDkM57mgUbClGfw4nMzv2Mg==",
            "md5": "62f5f35ca44816dd61eedebd68bd1862",
            "sha1": "bde8d42b0654d410af03b5d3eafbf21f56d71548",
            "sha256": "78364c029872256c72105096a164f4521aa716a6d4f586815d559954bd8175e5",
            "sha512": "89889cf5a4ea4fe7878ebbf35fdac740c4ff3b32a9b69d2d5413078b5b9fe38a44e07e46a4bd7978356c611d2992a84d0e4339ee68146c29467f0e27333bf632"
          },
          "source_path": "./../airquality-api/build/static/css/main.3f9ef032.chunk.css"
        },
        "static/css/main.3f9ef032.chunk.css.map": {
          "content": null,
          "content_type": "application/octet-stream",
          "digests": {
            "base64sha256": "wCIfrv18o/6Hvj0+DT7Jf0fvhLRAhxIx34ZfJFc1qgY=",
            "base64sha512": "OqPqD9F0zhSSQd2iP42YyOzdxBctk76rZy6/s7FMnoyksDOBhG/aoj3Gu/VmX0Zr9msbWkbidH2U13LYlFX+4g==",
            "md5": "c280ee479ebb9bef7126db53b917afbc",
            "sha1": "fef793e36dd07e08ab87697bbb99057b0d1e745a",
            "sha256": "c0221faefd7ca3fe87be3d3e0d3ec97f47ef84b440871231df865f245735aa06",
            "sha512": "3aa3ea0fd174ce149241dda23f8d98c8ecddc4172d93beab672ebfb3b14c9e8ca4b03381846fdaa23dc6bbf5665f466bf66b1b5a46e2747d94d772d89455fee2"
          },
          "source_path": "./../airquality-api/build/static/css/main.3f9ef032.chunk.css.map"
        },
        "static/js/2.00210e1c.chunk.js": {
          "content": null,
          "content_type": "application/javascript",
          "digests": {
            "base64sha256": "oMJbXpRDYf/9O/2spL7laB5SleYTkq0N9u21xB+JRvY=",
            "base64sha512": "xswogtE7tMfWMMRMfjHlStd1YK/4a19BH4q/ya2j+ykotgVgUpOZfX8xyXFQg/OyHrNVaEr4tSbUCtJNTsZ1GQ==",
            "md5": "769286e23c8efb7dd701d968aa79a659",
            "sha1": "c3dabaf751ad056c2f76d40b199542d3a03ae97d",
            "sha256": "a0c25b5e944361fffd3bfdaca4bee5681e5295e61392ad0df6edb5c41f8946f6",
            "sha512": "c6cc2882d13bb4c7d630c44c7e31e54ad77560aff86b5f411f8abfc9ada3fb2928b605605293997d7f31c9715083f3b21eb355684af8b526d40ad24d4ec67519"
          },
          "source_path": "./../airquality-api/build/static/js/2.00210e1c.chunk.js"
        },
        "static/js/2.00210e1c.chunk.js.LICENSE.txt": {
          "content": null,
          "content_type": "text/plain; charset=utf-8",
          "digests": {
            "base64sha256": "jSU9AP2mGu+mxuCGCX3jppwwOWmrymp57LxS8ZOlp6o=",
            "base64sha512": "8eLFQSCSpL2l49FSyEak4zw1gSic14Lx3xy6zpaaovwu0XQTtrvaagYTUOYbLfBUpr05+drYdkcsw9iQfkunAg==",
            "md5": "3db8ecea27e667fbe34f11363f513041",
            "sha1": "46d9d4f8cdbd5c60314066efe2faf4e2469ed4df",
            "sha256": "8d253d00fda61aefa6c6e086097de3a69c303969abca6a79ecbc52f193a5a7aa",
            "sha512": "f1e2c5412092a4bda5e3d152c846a4e33c3581289cd782f1df1cbace969aa2fc2ed17413b6bbda6a061350e61b2df054a6bd39f9dad876472cc3d8907e4ba702"
          },
          "source_path": "./../airquality-api/build/static/js/2.00210e1c.chunk.js.LICENSE.txt"
        },
        "static/js/2.00210e1c.chunk.js.map": {
          "content": null,
          "content_type": "application/octet-stream",
          "digests": {
            "base64sha256": "I+7KQpYxflJ3V4ndcXR/mU1+GCsjE8uyieLoeY+LN3A=",
            "base64sha512": "RtMkjJyfXqAGyO6LxAz+YxaodpYVBVcHZbYQvvbeW3DRfBeVciYq7zmDEsjMFRKsRkY32mCaooq3lWXxSWhGow==",
            "md5": "bc3f1a3ae929cc61546cbc5952431812",
            "sha1": "15f6790c0748fa58618a9215a8cdac8d3d1a66a6",
            "sha256": "23eeca4296317e52775789dd71747f994d7e182b2313cbb289e2e8798f8b3770",
            "sha512": "46d3248c9c9f5ea006c8ee8bc40cfe6316a876961505570765b610bef6de5b70d17c179572262aef398312c8cc1512ac464637da609aa28ab79565f1496846a3"
          },
          "source_path": "./../airquality-api/build/static/js/2.00210e1c.chunk.js.map"
        },
        "static/js/main.a6ccd1d7.chunk.js": {
          "content": null,
          "content_type": "application/javascript",
          "digests": {
            "base64sha256": "ykBS+V3kOsZsuwAegzk1WJNAa6w4JiL/SiJQec84x64=",
            "base64sha512": "nV4d0PhaUntXi3zj0XWrfPTfEw3BBSNjIg+OYNk8C0IKVZxNjWmTgTHHBW16liyX9FpvQCqL0wtxNnOLR3g+uQ==",
            "md5": "ad91cb40a8816682fb1f5ed4f286daf6",
            "sha1": "dd5a49038287e0352648affcf63894811a72e6b4",
            "sha256": "ca4052f95de43ac66cbb001e8339355893406bac382622ff4a225079cf38c7ae",
            "sha512": "9d5e1dd0f85a527b578b7ce3d175ab7cf4df130dc1052363220f8e60d93c0b420a559c4d8d69938131c7056d7a962c97f45a6f402a8bd30b7136738b47783eb9"
          },
          "source_path": "./../airquality-api/build/static/js/main.a6ccd1d7.chunk.js"
        },
        "static/js/main.a6ccd1d7.chunk.js.map": {
          "content": null,
          "content_type": "application/octet-stream",
          "digests": {
            "base64sha256": "Sy8rY6TK9tf97Z8RNcGnK6mLI9Q/lEPvFqxLVYlkJYQ=",
            "base64sha512": "Toqzzd6x1owyl9JL7MCzI6EUdtYQZpWrCPc9fE5k7TTQOPn6aTQwVPIbja2cpX/K7v7Hie08YTJLJgSjMktQAA==",
            "md5": "c8ee6655affae863a0ba41cadf7f447c",
            "sha1": "f30e5cdd5d3c4a53c5b5de0321ed3f3253fe49f0",
            "sha256": "4b2f2b63a4caf6d7fded9f1135c1a72ba98b23d43f9443ef16ac4b5589642584",
            "sha512": "4e8ab3cddeb1d68c3297d24becc0b323a11476d6106695ab08f73d7c4e64ed34d038f9fa69343054f21b8dad9ca57fcaeefec789ed3c61324b2604a3324b5000"
          },
          "source_path": "./../airquality-api/build/static/js/main.a6ccd1d7.chunk.js.map"
        },
        "static/js/runtime-main.c9dbbf81.js": {
          "content": null,
          "content_type": "application/javascript",
          "digests": {
            "base64sha256": "aDAx1++amCyDedRNmDvf5UbX1OKW9ntAWTgjd/WCyUs=",
            "base64sha512": "jhZAgJCFh00qQk88TVa03Z4CkE5fi7VHGyp6W1F847p3fQ9PB5E5mOdktrFTYVz+4fCg8WBwXzMmyea2wjI/PQ==",
            "md5": "d4efbd5628257c3e78783969fbda98fb",
            "sha1": "eab3dc0b0201852da9c4d306cc43be97b1facf35",
            "sha256": "683031d7ef9a982c8379d44d983bdfe546d7d4e296f67b4059382377f582c94b",
            "sha512": "8e1640809085874d2a424f3c4d56b4dd9e02904e5f8bb5471b2a7a5b517ce3ba777d0f4f07913998e764b6b153615cfee1f0a0f160705f3326c9e6b6c2323f3d"
          },
          "source_path": "./../airquality-api/build/static/js/runtime-main.c9dbbf81.js"
        },
        "static/js/runtime-main.c9dbbf81.js.map": {
          "content": null,
          "content_type": "application/octet-stream",
          "digests": {
            "base64sha256": "oqlpovtgnWYqKYEPan6AecA9VS2a7Enx2Pahd87Zt6E=",
            "base64sha512": "0Zuhnm+0jHVhwVaRxg2Yt+JOchVm/jlLhhMzB0OGvgqMzGXUtizHxu9wcMX32N7GUN5Y+F/zZbHDxSfAoGOgBA==",
            "md5": "80c8fa964989f418b65a84e2fc015158",
            "sha1": "a904fd4eb2dcddc2613c173abb47c18b3aa9c5d4",
            "sha256": "a2a969a2fb609d662a29810f6a7e8079c03d552d9aec49f1d8f6a177ced9b7a1",
            "sha512": "d19ba19e6fb48c7561c15691c60d98b7e24e721566fe394b861333074386be0a8ccc65d4b62cc7c6ef7070c5f7d8dec650de58f85ff365b1c3c527c0a063a004"
          },
          "source_path": "./../airquality-api/build/static/js/runtime-main.c9dbbf81.js.map"
        }
      },
      "type": [
        "object",
        {
          "asset-manifest.json": [
            "object",
            {
              "content": "dynamic",
              "content_type": "string",
              "digests": [
                "map",
                "string"
              ],
              "source_path": "string"
            }
          ],
          "favicon.ico": [
            "object",
            {
              "content": "dynamic",
              "content_type": "string",
              "digests": [
                "map",
                "string"
              ],
              "source_path": "string"
            }
          ],
          "index.html": [
            "object",
            {
              "content": "dynamic",
              "content_type": "string",
              "digests": [
                "map",
                "string"
              ],
              "source_path": "string"
            }
          ],
          "static/css/2.383c0125.chunk.css": [
            "object",
            {
              "content": "dynamic",
              "content_type": "string",
              "digests": [
                "map",
                "string"
              ],
              "source_path": "string"
            }
          ],
          "static/css/2.383c0125.chunk.css.map": [
            "object",
            {
              "content": "dynamic",
              "content_type": "string",
              "digests": [
                "map",
                "string"
              ],
              "source_path": "string"
            }
          ],
          "static/css/main.3f9ef032.chunk.css": [
            "object",
            {
              "content": "dynamic",
              "content_type": "string",
              "digests": [
                "map",
                "string"
              ],
              "source_path": "string"
            }
          ],
          "static/css/main.3f9ef032.chunk.css.map": [
            "object",
            {
              "content": "dynamic",
              "content_type": "string",
              "digests": [
                "map",
                "string"
              ],
              "source_path": "string"
            }
          ],
          "static/js/2.00210e1c.chunk.js": [
            "object",
            {
              "content": "dynamic",
              "content_type": "string",
              "digests": [
                "map",
                "string"
              ],
              "source_path": "string"
            }
          ],
          "static/js/2.00210e1c.chunk.js.LICENSE.txt": [
            "object",
            {
              "content": "dynamic",
              "content_type": "string",
              "digests": [
                "map",
                "string"
              ],
              "source_path": "string"
            }
          ],
          "static/js/2.00210e1c.chunk.js.map": [
            "object",
            {
              "content": "dynamic",
              "content_type": "string",
              "digests": [
                "map",
                "string"
              ],
              "source_path": "string"
            }
          ],
          "static/js/main.a6ccd1d7.chunk.js": [
            "object",
            {
              "content": "dynamic",
              "content_type": "string",
              "digests": [
                "map",
                "string"
              ],
              "source_path": "string"
            }
          ],
          "static/js/main.a6ccd1d7.chunk.js.map": [
            "object",
            {
              "content": "dynamic",
              "content_type": "string",
              "digests": [
                "map",
                "string"
              ],
              "source_path": "string"
            }
          ],
          "static/js/runtime-main.c9dbbf81.js": [
            "object",
            {
              "content": "dynamic",
              "content_type": "string",
              "digests": [
                "map",
                "string"
              ],
              "source_path": "string"
            }
          ],
          "static/js/runtime-main.c9dbbf81.js.map": [
            "object",
            {
              "content": "dynamic",
              "content_type": "string",
              "digests": [
                "map",
                "string"
              ],
              "source_path": "string"
            }
          ]
        }
      ]
    }
  },
  "resources": [
    {
      "mode": "data",
      "type": "archive_file",
      "name": "lambda_airquality_archive",
      "provider": "provider[\"registry.terraform.io/hashicorp/archive\"]",
      "instances": [
        {
          "schema_version": 0,
          "attributes": {
            "excludes": null,
            "id": "0a21318d75b83b87d3a16524fa5f2f856246cf0f",
            "output_base64sha256": "z4GYYYA5rSpQgmWsvuJExmXDdn43X8Tr2mrTCYQT9Z8=",
            "output_file_mode": null,
            "output_md5": "f87e253f3b04ea91b7125e580024e99e",
            "output_path": "./airquality.zip",
            "output_sha": "0a21318d75b83b87d3a16524fa5f2f856246cf0f",
            "output_size": 2937,
            "source": [
              {
                "content": "",
                "filename": "app/__init__.py"
              },
              {
                "content": "import dataclasses\n\nclass Particle:\n    TWO_POINT_FIVE = '2.5'\n    TEN = '10'\n\n@dataclasses.dataclass\nclass AQILevel:\n    level_name: str\n    conc_low: float\n    conc_high: float\n    aqi_low: int\n    aqi_high: int\n\nAQI_BREAKPOINTS = [\n    ('Good', 0, 50),\n    ('Moderate', 51, 100),\n    ('USG', 101, 150),\n    ('Unhealth', 151, 200),\n    ('Very Unhealthy', 201, 300),\n    ('Hazardous', 301, 500)\n]\n\nLEVELS_25 = [\n    (0, 12),\n    (12.1, 35.4),\n    (35.5, 55.4),\n    (55.5, 150.4),\n    (150.5, 250.4),\n    (250.5, 500.4)\n]\n\nLEVELS_10 = [\n    (0, 54),\n    (55, 154),\n    (155, 254),\n    (255, 354),\n    (355, 424),\n    (425, 604),\n]\n\ndef get_aqi(conc: float, particle: Particle) -\u003e float:\n    if particle == Particle.TWO_POINT_FIVE:\n        levels = LEVELS_25\n        conc = round(conc, 1)\n    else:\n        levels = LEVELS_10\n        conc = round(conc)\n\n    aqi_levels = [\n        AQILevel(breaks[0], lvl[0], lvl[1], breaks[1], breaks[2])\n        for breaks, lvl in zip(AQI_BREAKPOINTS, levels)\n    ]\n\n    for level in aqi_levels:\n        if conc \u003e level.conc_high:\n            continue\n        else:\n            break\n\n    aqi = ((level.aqi_high - level.aqi_low)/(level.conc_high-level.conc_low)) * (conc - level.conc_low) + level.aqi_low\n    return round(aqi)\n\n\nif __name__ == \"__main__\":\n    print(get_aqi(20, LEVELS_25))",
                "filename": "app/aqi.py"
              },
              {
                "content": "import dataclasses\nimport json\nimport os\nfrom collections import defaultdict\nfrom datetime import datetime, timedelta\n\nfrom boto3.dynamodb.conditions import Key\n\nfrom app.aqi import get_aqi, Particle\nfrom app.connection import readings\n\nTIME_INTERVAL_MINUTES = 20\nDEV_ENVIRON_LAST_DAY = datetime.fromisoformat(\"2021-11-27T20:33:06\")\n\nif os.environ.get('FLASK_ENV') == 'development':\n    last_day = DEV_ENVIRON_LAST_DAY\nelse:\n    last_day = datetime.now() - timedelta(days=1)\n \n \ndef get_last_day(resource=readings, last_day=last_day):\n    items = resource.query(\n        TableName='Readings',\n        KeyConditionExpression=Key('RecordedAt').gt(last_day.isoformat()) \u0026 Key('DeviceId').eq('2A84')\n    )['Items']\n\n    items = sorted(items, key=lambda x: x['RecordedAt'])\n    for res in items:\n        yield datetime.fromisoformat(res['RecordedAt']), float(res['pmi2.5']), float(res['pmi10'])\n\n@dataclasses.dataclass\nclass TimingResponse:\n    recorded_at: datetime\n    aqi_two_point_five: int\n    aqi_ten: int\n \ndef timing_results_to_buckets(results):\n    bucket_marker = results[0].recorded_at \n    buckets = defaultdict(list)\n    for result in results:\n        if result.recorded_at \u003e bucket_marker + timedelta(\n            minutes=TIME_INTERVAL_MINUTES\n        ):\n            bucket_marker = result.recorded_at\n        buckets[bucket_marker].append(result)\n    return buckets\n\ndef average_aqi_from_buckets(buckets):\n    response = []\n    for marker, bucket in buckets.items():\n        two_point_five = [a.aqi_two_point_five for a in bucket]\n        ten = [a.aqi_ten for a in bucket]\n        response.append([\n            marker.isoformat(),\n            round(sum(two_point_five)/len(two_point_five)),\n            round(sum(ten)/len(ten))\n        ])\n    return response\n\ndef get_last_day_bucketed_aqi():\n    results = [\n        TimingResponse(\n            a[0],\n            get_aqi(a[1],Particle.TWO_POINT_FIVE),\n            get_aqi(a[2], Particle.TEN)\n        )\n        for a in get_last_day()\n    ]\n\n    buckets = timing_results_to_buckets(results)\n    return average_aqi_from_buckets(buckets)\n\n",
                "filename": "app/response.py"
              },
              {
                "content": "import datetime\n\nfrom app.connection import client\n\n\ndef dynamo_put(client, device, pmi25, pmi10, recorded_at=None):\n    client.put_item(\n        TableName='Readings',\n        Item={\n            'DeviceId': {\"S\": device},\n            'RecordedAt': {\n                \"S\": recorded_at or datetime.datetime.now().isoformat()\n            },\n            'pmi2.5': {\"N\": str(pmi25)},\n            'pmi10': {\"N\": str(pmi10)}\n        }\n    )\n\ndef write_reading(device, pmi25, pmi10):\n    dynamo_put(client, device, pmi25, pmi10)",
                "filename": "app/reading.py"
              },
              {
                "content": "import json\n\nfrom app.response import get_last_day_bucketed_aqi\nfrom app.reading import write_reading\n\ndef handler(event=None, context=None):\n    if event.get('httpMethod') == \"POST\":\n        data = json.loads(event['body'])\n        write_reading(\n           device=data['device_id'],\n           pmi25=data['pmi2.5'],\n           pmi10=data['pmi10']\n        )\n        body = f'written {event}'\n    else:\n        body = json.dumps(get_last_day_bucketed_aqi())\n\n    response = {\n        'isBase64Encoded': False,\n        \"statusCode\": 200,\n        \"headers\": {},\n        \"body\": body\n    }\n    return response",
                "filename": "app/lambda.py"
              },
              {
                "content": "import os\n\nimport boto3\n\nparameters = {'service_name': 'dynamodb'}\nif os.environ.get('FLASK_ENV') == \"development\":\n    parameters['endpoint_url'] = 'http://dynamodb-local:8000'\n\nclient = boto3.client(**parameters)\nresource = boto3.resource(**parameters)\nreadings = resource.Table('Readings')",
                "filename": "app/connection.py"
              }
            ],
            "source_content": null,
            "source_content_filename": null,
            "source_dir": null,
            "source_file": null,
            "type": "zip"
          },
          "sensitive_attributes": []
        }
      ]
    },
    {
      "mode": "data",
      "type": "aws_iam_role",
      "name": "ecs_task_execution_role",
      "provider": "provider[\"registry.terraform.io/hashicorp/aws\"]",
      "instances": [
        {
          "schema_version": 0,
          "attributes": {
            "arn": "arn:aws:iam::402878705062:role/ecsTaskExecutionRole",
            "assume_role_policy": "{\"Version\":\"2008-10-17\",\"Statement\":[{\"Sid\":\"\",\"Effect\":\"Allow\",\"Principal\":{\"Service\":\"ecs-tasks.amazonaws.com\"},\"Action\":\"sts:AssumeRole\"}]}",
            "create_date": "2019-03-31T20:33:32Z",
            "description": "",
            "id": "ecsTaskExecutionRole",
            "max_session_duration": 3600,
            "name": "ecsTaskExecutionRole",
            "path": "/",
            "permissions_boundary": "",
            "tags": {},
            "unique_id": "AROAV3TLRFWTLICPVOJRM"
          },
          "sensitive_attributes": []
        }
      ]
    },
    {
      "mode": "managed",
      "type": "aws_apigatewayv2_api",
      "name": "lambda",
      "provider": "provider[\"registry.terraform.io/hashicorp/aws\"]",
      "instances": [
        {
          "schema_version": 0,
          "attributes": {
            "api_endpoint": "https://3kwkbo4z21.execute-api.us-west-2.amazonaws.com",
            "api_key_selection_expression": "$request.header.x-api-key",
            "arn": "arn:aws:apigateway:us-west-2::/apis/3kwkbo4z21",
            "body": null,
            "cors_configuration": [
              {
                "allow_credentials": false,
                "allow_headers": [
                  "content-type"
                ],
                "allow_methods": [
                  "GET",
                  "OPTIONS",
                  "POST"
                ],
                "allow_origins": [
                  "*"
                ],
                "expose_headers": [],
                "max_age": 300
              }
            ],
            "credentials_arn": null,
            "description": "",
            "disable_execute_api_endpoint": false,
            "execution_arn": "arn:aws:execute-api:us-west-2:402878705062:3kwkbo4z21",
            "fail_on_warnings": null,
            "id": "3kwkbo4z21",
            "name": "serverless_lambda_gw",
            "protocol_type": "HTTP",
            "route_key": null,
            "route_selection_expression": "$request.method $request.path",
            "tags": {},
            "tags_all": {},
            "target": null,
            "version": ""
          },
          "sensitive_attributes": [],
          "private": "bnVsbA=="
        }
      ]
    },
    {
      "mode": "managed",
      "type": "aws_apigatewayv2_integration",
      "name": "airquality_reading_data",
      "provider": "provider[\"registry.terraform.io/hashicorp/aws\"]",
      "instances": [
        {
          "schema_version": 0,
          "attributes": {
            "api_id": "3kwkbo4z21",
            "connection_id": "",
            "connection_type": "INTERNET",
            "content_handling_strategy": "",
            "credentials_arn": "",
            "description": "",
            "id": "mpoidam",
            "integration_method": "POST",
            "integration_response_selection_expression": "",
            "integration_subtype": "",
            "integration_type": "AWS_PROXY",
            "integration_uri": "arn:aws:apigateway:us-west-2:lambda:path/2015-03-31/functions/arn:aws:lambda:us-west-2:402878705062:function:AirqualityWeb/invocations",
            "passthrough_behavior": "",
            "payload_format_version": "1.0",
            "request_parameters": {},
            "request_templates": {},
            "response_parameters": [],
            "template_selection_expression": "",
            "timeout_milliseconds": 30000,
            "tls_config": []
          },
          "sensitive_attributes": [],
          "private": "bnVsbA==",
          "dependencies": [
            "aws_apigatewayv2_api.lambda",
            "aws_iam_role.lambda_exec",
            "aws_lambda_function.airquality_app",
            "aws_s3_bucket.airquality_lambda_bucket",
            "aws_s3_bucket_object.lambda_package",
            "data.archive_file.lambda_airquality_archive"
          ]
        }
      ]
    },
    {
      "mode": "managed",
      "type": "aws_apigatewayv2_route",
      "name": "get_readings",
      "provider": "provider[\"registry.terraform.io/hashicorp/aws\"]",
      "instances": [
        {
          "schema_version": 0,
          "attributes": {
            "api_id": "3kwkbo4z21",
            "api_key_required": false,
            "authorization_scopes": [],
            "authorization_type": "NONE",
            "authorizer_id": "",
            "id": "n400t87",
            "model_selection_expression": "",
            "operation_name": "",
            "request_models": {},
            "request_parameter": [],
            "route_key": "GET /data",
            "route_response_selection_expression": "",
            "target": "integrations/mpoidam"
          },
          "sensitive_attributes": [],
          "private": "bnVsbA==",
          "dependencies": [
            "data.archive_file.lambda_airquality_archive",
            "aws_apigatewayv2_api.lambda",
            "aws_apigatewayv2_integration.airquality_reading_data",
            "aws_iam_role.lambda_exec",
            "aws_lambda_function.airquality_app",
            "aws_s3_bucket.airquality_lambda_bucket",
            "aws_s3_bucket_object.lambda_package"
          ]
        }
      ]
    },
    {
      "mode": "managed",
      "type": "aws_apigatewayv2_stage",
      "name": "lambda",
      "provider": "provider[\"registry.terraform.io/hashicorp/aws\"]",
      "instances": [
        {
          "schema_version": 0,
          "attributes": {
            "access_log_settings": [
              {
                "destination_arn": "arn:aws:logs:us-west-2:402878705062:log-group:/aws/api_gw/serverless_lambda_gw",
                "format": "{\"httpMethod\":\"$context.httpMethod\",\"integrationErrorMessage\":\"$context.integrationErrorMessage\",\"protocol\":\"$context.protocol\",\"requestId\":\"$context.requestId\",\"requestTime\":\"$context.requestTime\",\"resourcePath\":\"$context.resourcePath\",\"responseLength\":\"$context.responseLength\",\"routeKey\":\"$context.routeKey\",\"sourceIp\":\"$context.identity.sourceIp\",\"status\":\"$context.status\"}"
              }
            ],
            "api_id": "3kwkbo4z21",
            "arn": "arn:aws:apigateway:us-west-2::/apis/3kwkbo4z21/stages/serverless_lambda_stage",
            "auto_deploy": true,
            "client_certificate_id": "",
            "default_route_settings": [
              {
                "data_trace_enabled": false,
                "detailed_metrics_enabled": false,
                "logging_level": "",
                "throttling_burst_limit": 0,
                "throttling_rate_limit": 0
              }
            ],
            "deployment_id": "ozyzvx",
            "description": "",
            "execution_arn": "arn:aws:execute-api:us-west-2:402878705062:3kwkbo4z21/serverless_lambda_stage",
            "id": "serverless_lambda_stage",
            "invoke_url": "https://3kwkbo4z21.execute-api.us-west-2.amazonaws.com/serverless_lambda_stage",
            "name": "serverless_lambda_stage",
            "route_settings": [],
            "stage_variables": {},
            "tags": {},
            "tags_all": {}
          },
          "sensitive_attributes": [],
          "private": "bnVsbA==",
          "dependencies": [
            "aws_apigatewayv2_api.lambda",
            "aws_cloudwatch_log_group.api_gw"
          ]
        }
      ]
    },
    {
      "mode": "managed",
      "type": "aws_cloudwatch_log_group",
      "name": "airquality_web",
      "provider": "provider[\"registry.terraform.io/hashicorp/aws\"]",
      "instances": [
        {
          "schema_version": 0,
          "attributes": {
            "arn": "arn:aws:logs:us-west-2:402878705062:log-group:/aws/lambda/AirqualityWeb",
            "id": "/aws/lambda/AirqualityWeb",
            "kms_key_id": "",
            "name": "/aws/lambda/AirqualityWeb",
            "name_prefix": null,
            "retention_in_days": 30,
            "tags": {},
            "tags_all": {}
          },
          "sensitive_attributes": [],
          "private": "bnVsbA==",
          "dependencies": [
            "aws_iam_role.lambda_exec",
            "aws_lambda_function.airquality_app",
            "aws_s3_bucket.airquality_lambda_bucket",
            "aws_s3_bucket_object.lambda_package",
            "data.archive_file.lambda_airquality_archive"
          ]
        }
      ]
    },
    {
      "mode": "managed",
      "type": "aws_cloudwatch_log_group",
      "name": "api_gw",
      "provider": "provider[\"registry.terraform.io/hashicorp/aws\"]",
      "instances": [
        {
          "schema_version": 0,
          "attributes": {
            "arn": "arn:aws:logs:us-west-2:402878705062:log-group:/aws/api_gw/serverless_lambda_gw",
            "id": "/aws/api_gw/serverless_lambda_gw",
            "kms_key_id": "",
            "name": "/aws/api_gw/serverless_lambda_gw",
            "name_prefix": null,
            "retention_in_days": 30,
            "tags": {},
            "tags_all": {}
          },
          "sensitive_attributes": [],
          "private": "bnVsbA==",
          "dependencies": [
            "aws_apigatewayv2_api.lambda"
          ]
        }
      ]
    },
    {
      "mode": "managed",
      "type": "aws_cloudwatch_log_group",
      "name": "api_logs",
      "provider": "provider[\"registry.terraform.io/hashicorp/aws\"]",
      "instances": [
        {
          "schema_version": 0,
          "attributes": {
            "arn": "arn:aws:logs:us-west-2:402878705062:log-group:api-logs",
            "id": "api-logs",
            "kms_key_id": "",
            "name": "api-logs",
            "name_prefix": null,
            "retention_in_days": 0,
            "tags": {},
            "tags_all": {}
          },
          "sensitive_attributes": [],
          "private": "bnVsbA=="
        }
      ]
    },
    {
      "mode": "managed",
      "type": "aws_dynamodb_table",
      "name": "readings",
      "provider": "provider[\"registry.terraform.io/hashicorp/aws\"]",
      "instances": [
        {
          "schema_version": 1,
          "attributes": {
            "arn": "arn:aws:dynamodb:us-west-2:402878705062:table/Readings",
            "attribute": [
              {
                "name": "DeviceId",
                "type": "S"
              },
              {
                "name": "RecordedAt",
                "type": "S"
              }
            ],
            "billing_mode": "PAY_PER_REQUEST",
            "global_secondary_index": [],
            "hash_key": "DeviceId",
            "id": "Readings",
            "local_secondary_index": [],
            "name": "Readings",
            "point_in_time_recovery": [
              {
                "enabled": true
              }
            ],
            "range_key": "RecordedAt",
            "read_capacity": 0,
            "replica": [],
            "server_side_encryption": [],
            "stream_arn": "",
            "stream_enabled": false,
            "stream_label": "",
            "stream_view_type": "",
            "tags": {},
            "tags_all": {},
            "timeouts": null,
            "ttl": [
              {
                "attribute_name": "",
                "enabled": false,
                "kms_key_arn": ""
              }
            ],
            "write_capacity": 0
          },
          "sensitive_attributes": [],
          "private": "eyJlMmJmYjczMC1lY2FhLTExZTYtOGY4OC0zNDM2M2JjN2M0YzAiOnsiY3JlYXRlIjoxMjAwMDAwMDAwMDAwLCJkZWxldGUiOjYwMDAwMDAwMDAwMCwidXBkYXRlIjozNjAwMDAwMDAwMDAwfSwic2NoZW1hX3ZlcnNpb24iOiIxIn0="
        }
      ]
    },
    {
      "mode": "managed",
      "type": "aws_ecr_repository",
      "name": "airquality_repo",
      "provider": "provider[\"registry.terraform.io/hashicorp/aws\"]",
      "instances": [
        {
          "schema_version": 0,
          "attributes": {
            "arn": "arn:aws:ecr:us-west-2:402878705062:repository/airquality-repo",
            "encryption_configuration": [
              {
                "encryption_type": "AES256",
                "kms_key": ""
              }
            ],
            "id": "airquality-repo",
            "image_scanning_configuration": [
              {
                "scan_on_push": false
              }
            ],
            "image_tag_mutability": "MUTABLE",
            "name": "airquality-repo",
            "registry_id": "402878705062",
            "repository_url": "402878705062.dkr.ecr.us-west-2.amazonaws.com/airquality-repo",
            "tags": {},
            "tags_all": {},
            "timeouts": null
          },
          "sensitive_attributes": [],
          "private": "eyJlMmJmYjczMC1lY2FhLTExZTYtOGY4OC0zNDM2M2JjN2M0YzAiOnsiZGVsZXRlIjoxMjAwMDAwMDAwMDAwfX0="
        }
      ]
    },
    {
      "mode": "managed",
      "type": "aws_ecs_cluster",
      "name": "airquality_web",
      "provider": "provider[\"registry.terraform.io/hashicorp/aws\"]",
      "instances": [
        {
          "schema_version": 0,
          "attributes": {
            "arn": "arn:aws:ecs:us-west-2:402878705062:cluster/airquality-web",
            "capacity_providers": [],
            "configuration": [
              {
                "execute_command_configuration": [
                  {
                    "kms_key_id": "",
                    "log_configuration": [
                      {
                        "cloud_watch_encryption_enabled": true,
                        "cloud_watch_log_group_name": "api-logs",
                        "s3_bucket_encryption_enabled": false,
                        "s3_bucket_name": "",
                        "s3_key_prefix": ""
                      }
                    ],
                    "logging": "OVERRIDE"
                  }
                ]
              }
            ],
            "default_capacity_provider_strategy": [],
            "id": "arn:aws:ecs:us-west-2:402878705062:cluster/airquality-web",
            "name": "airquality-web",
            "setting": [
              {
                "name": "containerInsights",
                "value": "disabled"
              }
            ],
            "tags": {},
            "tags_all": {}
          },
          "sensitive_attributes": [],
          "private": "bnVsbA==",
          "dependencies": [
            "aws_cloudwatch_log_group.api_logs"
          ]
        }
      ]
    },
    {
      "mode": "managed",
      "type": "aws_ecs_service",
      "name": "airquality_api",
      "provider": "provider[\"registry.terraform.io/hashicorp/aws\"]",
      "instances": [
        {
          "schema_version": 0,
          "attributes": {
            "capacity_provider_strategy": [],
            "cluster": "arn:aws:ecs:us-west-2:402878705062:cluster/airquality-web",
            "deployment_circuit_breaker": [
              {
                "enable": false,
                "rollback": false
              }
            ],
            "deployment_controller": [
              {
                "type": "ECS"
              }
            ],
            "deployment_maximum_percent": 200,
            "deployment_minimum_healthy_percent": 100,
            "desired_count": 0,
            "enable_ecs_managed_tags": false,
            "enable_execute_command": false,
            "force_new_deployment": null,
            "health_check_grace_period_seconds": 0,
            "iam_role": "aws-service-role",
            "id": "arn:aws:ecs:us-west-2:402878705062:service/airquality-web/airquality-api",
            "launch_type": "FARGATE",
            "load_balancer": [],
            "name": "airquality-api",
            "network_configuration": [
              {
                "assign_public_ip": true,
                "security_groups": [],
                "subnets": [
                  "subnet-06e55213c335afde8"
                ]
              }
            ],
            "ordered_placement_strategy": [],
            "placement_constraints": [],
            "platform_version": "LATEST",
            "propagate_tags": "NONE",
            "scheduling_strategy": "REPLICA",
            "service_registries": [],
            "tags": {},
            "tags_all": {},
            "task_definition": "arn:aws:ecs:us-west-2:402878705062:task-definition/airquality-webapp:4",
            "timeouts": null,
            "wait_for_steady_state": false
          },
          "sensitive_attributes": [],
          "private": "eyJlMmJmYjczMC1lY2FhLTExZTYtOGY4OC0zNDM2M2JjN2M0YzAiOnsiZGVsZXRlIjoxMjAwMDAwMDAwMDAwfX0=",
          "dependencies": [
            "aws_ecs_cluster.airquality_web",
            "aws_ecs_task_definition.airquality_webapp",
            "data.aws_iam_role.ecs_task_execution_role",
            "aws_cloudwatch_log_group.api_logs"
          ]
        }
      ]
    },
    {
      "mode": "managed",
      "type": "aws_ecs_task_definition",
      "name": "airquality_webapp",
      "provider": "provider[\"registry.terraform.io/hashicorp/aws\"]",
      "instances": [
        {
          "schema_version": 1,
          "attributes": {
            "arn": "arn:aws:ecs:us-west-2:402878705062:task-definition/airquality-webapp:4",
            "container_definitions": "[{\"cpu\":0,\"environment\":[],\"essential\":true,\"image\":\"402878705062.dkr.ecr.us-west-2.amazonaws.com/airquality-repo:airquality_api\",\"mountPoints\":[],\"name\":\"airquality-api\",\"portMappings\":[{\"containerPort\":5000,\"hostPort\":5000,\"protocol\":\"tcp\"}],\"volumesFrom\":[]}]",
            "cpu": "256",
            "ephemeral_storage": [],
            "execution_role_arn": "arn:aws:iam::402878705062:role/ecsTaskExecutionRole",
            "family": "airquality-webapp",
            "id": "airquality-webapp",
            "inference_accelerator": [],
            "ipc_mode": "",
            "memory": "512",
            "network_mode": "awsvpc",
            "pid_mode": "",
            "placement_constraints": [],
            "proxy_configuration": [],
            "requires_compatibilities": [
              "FARGATE"
            ],
            "revision": 4,
            "tags": {},
            "tags_all": {},
            "task_role_arn": "",
            "volume": []
          },
          "sensitive_attributes": [],
          "private": "eyJzY2hlbWFfdmVyc2lvbiI6IjEifQ==",
          "dependencies": [
            "data.aws_iam_role.ecs_task_execution_role"
          ]
        }
      ]
    },
    {
      "mode": "managed",
      "type": "aws_iam_policy",
      "name": "lambda_dynamo_read_policy",
      "provider": "provider[\"registry.terraform.io/hashicorp/aws\"]",
      "instances": [
        {
          "schema_version": 0,
          "attributes": {
            "arn": "arn:aws:iam::402878705062:policy/dynamo-read-policy",
            "description": "A policy to allow lambda to read a specific dynamo table",
            "id": "arn:aws:iam::402878705062:policy/dynamo-read-policy",
            "name": "dynamo-read-policy",
            "name_prefix": null,
            "path": "/",
            "policy": "{\"Statement\":[{\"Action\":[\"dynamodb:Query\",\"dynamodb:PutItem\"],\"Effect\":\"Allow\",\"Resource\":\"arn:aws:dynamodb:us-west-2:402878705062:table/Readings\"}],\"Version\":\"2012-10-17\"}",
            "policy_id": "ANPAV3TLRFWTAFUUXXPL2",
            "tags": {},
            "tags_all": {}
          },
          "sensitive_attributes": [],
          "private": "bnVsbA==",
          "dependencies": [
            "aws_dynamodb_table.readings"
          ]
        }
      ]
    },
    {
      "mode": "managed",
      "type": "aws_iam_role",
      "name": "lambda_exec",
      "provider": "provider[\"registry.terraform.io/hashicorp/aws\"]",
      "instances": [
        {
          "schema_version": 0,
          "attributes": {
            "arn": "arn:aws:iam::402878705062:role/serverless_lambda",
            "assume_role_policy": "{\"Version\":\"2012-10-17\",\"Statement\":[{\"Sid\":\"\",\"Effect\":\"Allow\",\"Principal\":{\"Service\":\"lambda.amazonaws.com\"},\"Action\":\"sts:AssumeRole\"}]}",
            "create_date": "2021-12-05T21:07:39Z",
            "description": "",
            "force_detach_policies": false,
            "id": "serverless_lambda",
            "inline_policy": [
              {
                "name": "",
                "policy": ""
              }
            ],
            "managed_policy_arns": [
              "arn:aws:iam::402878705062:policy/dynamo-read-policy",
              "arn:aws:iam::aws:policy/service-role/AWSLambdaBasicExecutionRole"
            ],
            "max_session_duration": 3600,
            "name": "serverless_lambda",
            "name_prefix": "",
            "path": "/",
            "permissions_boundary": null,
            "tags": {},
            "tags_all": {},
            "unique_id": "AROAV3TLRFWTJOZUHHTKQ"
          },
          "sensitive_attributes": [],
          "private": "bnVsbA=="
        }
      ]
    },
    {
      "mode": "managed",
      "type": "aws_iam_role_policy_attachment",
      "name": "lambda_dynamo_read_policy_attachment",
      "provider": "provider[\"registry.terraform.io/hashicorp/aws\"]",
      "instances": [
        {
          "schema_version": 0,
          "attributes": {
            "id": "serverless_lambda-20211206002731565300000002",
            "policy_arn": "arn:aws:iam::402878705062:policy/dynamo-read-policy",
            "role": "serverless_lambda"
          },
          "sensitive_attributes": [],
          "private": "bnVsbA==",
          "dependencies": [
            "aws_dynamodb_table.readings",
            "aws_iam_policy.lambda_dynamo_read_policy",
            "aws_iam_role.lambda_exec"
          ]
        }
      ]
    },
    {
      "mode": "managed",
      "type": "aws_iam_role_policy_attachment",
      "name": "lambda_execution_policy_attachment",
      "provider": "provider[\"registry.terraform.io/hashicorp/aws\"]",
      "instances": [
        {
          "schema_version": 0,
          "attributes": {
            "id": "serverless_lambda-20211206002729386600000001",
            "policy_arn": "arn:aws:iam::aws:policy/service-role/AWSLambdaBasicExecutionRole",
            "role": "serverless_lambda"
          },
          "sensitive_attributes": [],
          "private": "bnVsbA==",
          "dependencies": [
            "aws_iam_role.lambda_exec"
          ]
        }
      ]
    },
    {
      "mode": "managed",
      "type": "aws_lambda_function",
      "name": "airquality_app",
      "provider": "provider[\"registry.terraform.io/hashicorp/aws\"]",
      "instances": [
        {
          "schema_version": 0,
          "attributes": {
            "architectures": [
              "x86_64"
            ],
            "arn": "arn:aws:lambda:us-west-2:402878705062:function:AirqualityWeb",
            "code_signing_config_arn": "",
            "dead_letter_config": [],
            "description": "",
            "environment": [
              {
                "variables": {
                  "TZ": "America/Los_Angeles"
                }
              }
            ],
            "file_system_config": [],
            "filename": null,
            "function_name": "AirqualityWeb",
            "handler": "app.lambda.handler",
            "id": "AirqualityWeb",
            "image_config": [],
            "image_uri": "",
            "invoke_arn": "arn:aws:apigateway:us-west-2:lambda:path/2015-03-31/functions/arn:aws:lambda:us-west-2:402878705062:function:AirqualityWeb/invocations",
            "kms_key_arn": "",
            "last_modified": "2021-12-08T05:33:28.000+0000",
            "layers": [],
            "memory_size": 128,
            "package_type": "Zip",
            "publish": false,
            "qualified_arn": "arn:aws:lambda:us-west-2:402878705062:function:AirqualityWeb:$LATEST",
            "reserved_concurrent_executions": -1,
            "role": "arn:aws:iam::402878705062:role/serverless_lambda",
            "runtime": "python3.8",
            "s3_bucket": "airquality-lambda",
            "s3_key": "airquality.zip",
            "s3_object_version": null,
            "signing_job_arn": "",
            "signing_profile_version_arn": "",
            "source_code_hash": "z4GYYYA5rSpQgmWsvuJExmXDdn43X8Tr2mrTCYQT9Z8=",
            "source_code_size": 2937,
            "tags": {},
            "tags_all": {},
            "timeout": 3,
            "timeouts": null,
            "tracing_config": [
              {
                "mode": "PassThrough"
              }
            ],
            "version": "$LATEST",
            "vpc_config": []
          },
          "sensitive_attributes": [],
          "private": "eyJlMmJmYjczMC1lY2FhLTExZTYtOGY4OC0zNDM2M2JjN2M0YzAiOnsiY3JlYXRlIjo2MDAwMDAwMDAwMDB9fQ==",
          "dependencies": [
            "aws_iam_role.lambda_exec",
            "aws_s3_bucket.airquality_lambda_bucket",
            "aws_s3_bucket_object.lambda_package",
            "data.archive_file.lambda_airquality_archive"
          ]
        }
      ]
    },
    {
      "mode": "managed",
      "type": "aws_lambda_permission",
      "name": "api_gw",
      "provider": "provider[\"registry.terraform.io/hashicorp/aws\"]",
      "instances": [
        {
          "schema_version": 0,
          "attributes": {
            "action": "lambda:InvokeFunction",
            "event_source_token": null,
            "function_name": "AirqualityWeb",
            "id": "AllowExecutionFromAPIGateway",
            "principal": "apigateway.amazonaws.com",
            "qualifier": "",
            "source_account": null,
            "source_arn": "arn:aws:execute-api:us-west-2:402878705062:3kwkbo4z21/*/*",
            "statement_id": "AllowExecutionFromAPIGateway",
            "statement_id_prefix": null
          },
          "sensitive_attributes": [],
          "private": "bnVsbA==",
          "dependencies": [
            "aws_apigatewayv2_api.lambda",
            "aws_iam_role.lambda_exec",
            "aws_lambda_function.airquality_app",
            "aws_s3_bucket.airquality_lambda_bucket",
            "aws_s3_bucket_object.lambda_package",
            "data.archive_file.lambda_airquality_archive"
          ]
        }
      ]
    },
    {
      "mode": "managed",
      "type": "aws_s3_bucket",
      "name": "airquality_bucket",
      "provider": "provider[\"registry.terraform.io/hashicorp/aws\"]",
      "instances": [
        {
          "schema_version": 0,
          "attributes": {
            "acceleration_status": "",
            "acl": "public-read",
            "arn": "arn:aws:s3:::davids-airquality-static",
            "bucket": "davids-airquality-static",
            "bucket_domain_name": "davids-airquality-static.s3.amazonaws.com",
            "bucket_prefix": null,
            "bucket_regional_domain_name": "davids-airquality-static.s3.us-west-2.amazonaws.com",
            "cors_rule": [],
            "force_destroy": false,
            "grant": [],
            "hosted_zone_id": "Z3BJ6K6RIION7M",
            "id": "davids-airquality-static",
            "lifecycle_rule": [],
            "logging": [],
            "object_lock_configuration": [],
            "policy": "{\"Statement\":[{\"Action\":\"s3:GetObject\",\"Effect\":\"Allow\",\"Principal\":\"*\",\"Resource\":\"arn:aws:s3:::davids-airquality-static/*\",\"Sid\":\"PublicReadGetObject\"}],\"Version\":\"2012-10-17\"}",
            "region": "us-west-2",
            "replication_configuration": [],
            "request_payer": "BucketOwner",
            "server_side_encryption_configuration": [],
            "tags": {},
            "tags_all": {},
            "versioning": [
              {
                "enabled": false,
                "mfa_delete": false
              }
            ],
            "website": [
              {
                "error_document": "",
                "index_document": "index.html",
                "redirect_all_requests_to": "",
                "routing_rules": ""
              }
            ],
            "website_domain": "s3-website-us-west-2.amazonaws.com",
            "website_endpoint": "davids-airquality-static.s3-website-us-west-2.amazonaws.com"
          },
          "sensitive_attributes": [],
          "private": "bnVsbA=="
        }
      ]
    },
    {
      "mode": "managed",
      "type": "aws_s3_bucket",
      "name": "airquality_lambda_bucket",
      "provider": "provider[\"registry.terraform.io/hashicorp/aws\"]",
      "instances": [
        {
          "schema_version": 0,
          "attributes": {
            "acceleration_status": "",
            "acl": "private",
            "arn": "arn:aws:s3:::airquality-lambda",
            "bucket": "airquality-lambda",
            "bucket_domain_name": "airquality-lambda.s3.amazonaws.com",
            "bucket_prefix": null,
            "bucket_regional_domain_name": "airquality-lambda.s3.us-west-2.amazonaws.com",
            "cors_rule": [],
            "force_destroy": false,
            "grant": [],
            "hosted_zone_id": "Z3BJ6K6RIION7M",
            "id": "airquality-lambda",
            "lifecycle_rule": [],
            "logging": [],
            "object_lock_configuration": [],
            "policy": null,
            "region": "us-west-2",
            "replication_configuration": [],
            "request_payer": "BucketOwner",
            "server_side_encryption_configuration": [],
            "tags": {},
            "tags_all": {},
            "versioning": [
              {
                "enabled": false,
                "mfa_delete": false
              }
            ],
            "website": [],
            "website_domain": null,
            "website_endpoint": null
          },
          "sensitive_attributes": [],
          "private": "bnVsbA=="
        }
      ]
    },
    {
      "mode": "managed",
      "type": "aws_s3_bucket_object",
      "name": "lambda_package",
      "provider": "provider[\"registry.terraform.io/hashicorp/aws\"]",
      "instances": [
        {
          "schema_version": 0,
          "attributes": {
            "acl": "private",
            "bucket": "airquality-lambda",
            "bucket_key_enabled": false,
            "cache_control": "",
            "content": null,
            "content_base64": null,
            "content_disposition": "",
            "content_encoding": "",
            "content_language": "",
            "content_type": "binary/octet-stream",
            "etag": "f87e253f3b04ea91b7125e580024e99e",
            "force_destroy": false,
            "id": "airquality.zip",
            "key": "airquality.zip",
            "kms_key_id": null,
            "metadata": {},
            "object_lock_legal_hold_status": "",
            "object_lock_mode": "",
            "object_lock_retain_until_date": "",
            "server_side_encryption": "",
            "source": "./airquality.zip",
            "source_hash": null,
            "storage_class": "STANDARD",
            "tags": {},
            "tags_all": {},
            "version_id": "",
            "website_redirect": ""
          },
          "sensitive_attributes": [],
          "private": "bnVsbA==",
          "dependencies": [
            "aws_s3_bucket.airquality_lambda_bucket",
            "data.archive_file.lambda_airquality_archive"
          ]
        }
      ]
    },
    {
      "mode": "managed",
      "type": "aws_s3_bucket_object",
      "name": "static_files",
      "provider": "provider[\"registry.terraform.io/hashicorp/aws\"]",
      "instances": [
        {
          "index_key": "asset-manifest.json",
          "schema_version": 0,
          "attributes": {
            "acl": "private",
            "bucket": "davids-airquality-static",
            "bucket_key_enabled": false,
            "cache_control": "",
            "content": null,
            "content_base64": null,
            "content_disposition": "",
            "content_encoding": "",
            "content_language": "",
            "content_type": "application/json",
            "etag": "d7d30ef563dccf20ad2b7299fab2f290",
            "force_destroy": false,
            "id": "asset-manifest.json",
            "key": "asset-manifest.json",
            "kms_key_id": null,
            "metadata": {},
            "object_lock_legal_hold_status": "",
            "object_lock_mode": "",
            "object_lock_retain_until_date": "",
            "server_side_encryption": "",
            "source": "./../airquality-api/build/asset-manifest.json",
            "source_hash": null,
            "storage_class": "STANDARD",
            "tags": {},
            "tags_all": {},
            "version_id": "",
            "website_redirect": ""
          },
          "sensitive_attributes": [],
          "private": "bnVsbA==",
          "dependencies": [
            "aws_s3_bucket.airquality_bucket"
          ]
        },
        {
          "index_key": "favicon.ico",
          "schema_version": 0,
          "attributes": {
            "acl": "private",
            "bucket": "davids-airquality-static",
            "bucket_key_enabled": false,
            "cache_control": "",
            "content": null,
            "content_base64": null,
            "content_disposition": "",
            "content_encoding": "",
            "content_language": "",
            "content_type": "image/vnd.microsoft.icon",
            "etag": "fd73a6eb26a08ee46e7fd3cc34e7f6bf",
            "force_destroy": false,
            "id": "favicon.ico",
            "key": "favicon.ico",
            "kms_key_id": null,
            "metadata": {},
            "object_lock_legal_hold_status": "",
            "object_lock_mode": "",
            "object_lock_retain_until_date": "",
            "server_side_encryption": "",
            "source": "./../airquality-api/build/favicon.ico",
            "source_hash": null,
            "storage_class": "STANDARD",
            "tags": {},
            "tags_all": {},
            "version_id": "",
            "website_redirect": ""
          },
          "sensitive_attributes": [],
          "private": "bnVsbA==",
          "dependencies": [
            "aws_s3_bucket.airquality_bucket"
          ]
        },
        {
          "index_key": "index.html",
          "schema_version": 0,
          "attributes": {
            "acl": "private",
            "bucket": "davids-airquality-static",
            "bucket_key_enabled": false,
            "cache_control": "",
            "content": null,
            "content_base64": null,
            "content_disposition": "",
            "content_encoding": "",
            "content_language": "",
            "content_type": "text/html; charset=utf-8",
            "etag": "ea970eb05ee9e862c414b0c55ab524b1",
            "force_destroy": false,
            "id": "index.html",
            "key": "index.html",
            "kms_key_id": null,
            "metadata": {},
            "object_lock_legal_hold_status": "",
            "object_lock_mode": "",
            "object_lock_retain_until_date": "",
            "server_side_encryption": "",
            "source": "./../airquality-api/build/index.html",
            "source_hash": null,
            "storage_class": "STANDARD",
            "tags": {},
            "tags_all": {},
            "version_id": "",
            "website_redirect": ""
          },
          "sensitive_attributes": [],
          "private": "bnVsbA==",
          "dependencies": [
            "aws_s3_bucket.airquality_bucket"
          ]
        },
        {
          "index_key": "static/css/2.383c0125.chunk.css",
          "schema_version": 0,
          "attributes": {
            "acl": "private",
            "bucket": "davids-airquality-static",
            "bucket_key_enabled": false,
            "cache_control": "",
            "content": null,
            "content_base64": null,
            "content_disposition": "",
            "content_encoding": "",
            "content_language": "",
            "content_type": "text/css; charset=utf-8",
            "etag": "68df432032408dfd876f9acc35a098a0",
            "force_destroy": false,
            "id": "static/css/2.383c0125.chunk.css",
            "key": "static/css/2.383c0125.chunk.css",
            "kms_key_id": null,
            "metadata": {},
            "object_lock_legal_hold_status": "",
            "object_lock_mode": "",
            "object_lock_retain_until_date": "",
            "server_side_encryption": "",
            "source": "./../airquality-api/build/static/css/2.383c0125.chunk.css",
            "source_hash": null,
            "storage_class": "STANDARD",
            "tags": {},
            "tags_all": {},
            "version_id": "",
            "website_redirect": ""
          },
          "sensitive_attributes": [],
          "private": "bnVsbA==",
          "dependencies": [
            "aws_s3_bucket.airquality_bucket"
          ]
        },
        {
          "index_key": "static/css/2.383c0125.chunk.css.map",
          "schema_version": 0,
          "attributes": {
            "acl": "private",
            "bucket": "davids-airquality-static",
            "bucket_key_enabled": false,
            "cache_control": "",
            "content": null,
            "content_base64": null,
            "content_disposition": "",
            "content_encoding": "",
            "content_language": "",
            "content_type": "application/octet-stream",
            "etag": "46067fdd755da51d92505a79334417d4",
            "force_destroy": false,
            "id": "static/css/2.383c0125.chunk.css.map",
            "key": "static/css/2.383c0125.chunk.css.map",
            "kms_key_id": null,
            "metadata": {},
            "object_lock_legal_hold_status": "",
            "object_lock_mode": "",
            "object_lock_retain_until_date": "",
            "server_side_encryption": "",
            "source": "./../airquality-api/build/static/css/2.383c0125.chunk.css.map",
            "source_hash": null,
            "storage_class": "STANDARD",
            "tags": {},
            "tags_all": {},
            "version_id": "",
            "website_redirect": ""
          },
          "sensitive_attributes": [],
          "private": "bnVsbA==",
          "dependencies": [
            "aws_s3_bucket.airquality_bucket"
          ]
        },
        {
          "index_key": "static/css/main.3f9ef032.chunk.css",
          "schema_version": 0,
          "attributes": {
            "acl": "private",
            "bucket": "davids-airquality-static",
            "bucket_key_enabled": false,
            "cache_control": "",
            "content": null,
            "content_base64": null,
            "content_disposition": "",
            "content_encoding": "",
            "content_language": "",
            "content_type": "text/css; charset=utf-8",
            "etag": "62f5f35ca44816dd61eedebd68bd1862",
            "force_destroy": false,
            "id": "static/css/main.3f9ef032.chunk.css",
            "key": "static/css/main.3f9ef032.chunk.css",
            "kms_key_id": null,
            "metadata": {},
            "object_lock_legal_hold_status": "",
            "object_lock_mode": "",
            "object_lock_retain_until_date": "",
            "server_side_encryption": "",
            "source": "./../airquality-api/build/static/css/main.3f9ef032.chunk.css",
            "source_hash": null,
            "storage_class": "STANDARD",
            "tags": {},
            "tags_all": {},
            "version_id": "",
            "website_redirect": ""
          },
          "sensitive_attributes": [],
          "private": "bnVsbA==",
          "dependencies": [
            "aws_s3_bucket.airquality_bucket"
          ]
        },
        {
          "index_key": "static/css/main.3f9ef032.chunk.css.map",
          "schema_version": 0,
          "attributes": {
            "acl": "private",
            "bucket": "davids-airquality-static",
            "bucket_key_enabled": false,
            "cache_control": "",
            "content": null,
            "content_base64": null,
            "content_disposition": "",
            "content_encoding": "",
            "content_language": "",
            "content_type": "application/octet-stream",
            "etag": "c280ee479ebb9bef7126db53b917afbc",
            "force_destroy": false,
            "id": "static/css/main.3f9ef032.chunk.css.map",
            "key": "static/css/main.3f9ef032.chunk.css.map",
            "kms_key_id": null,
            "metadata": {},
            "object_lock_legal_hold_status": "",
            "object_lock_mode": "",
            "object_lock_retain_until_date": "",
            "server_side_encryption": "",
            "source": "./../airquality-api/build/static/css/main.3f9ef032.chunk.css.map",
            "source_hash": null,
            "storage_class": "STANDARD",
            "tags": {},
            "tags_all": {},
            "version_id": "",
            "website_redirect": ""
          },
          "sensitive_attributes": [],
          "private": "bnVsbA==",
          "dependencies": [
            "aws_s3_bucket.airquality_bucket"
          ]
        },
        {
          "index_key": "static/js/2.00210e1c.chunk.js",
          "schema_version": 0,
          "attributes": {
            "acl": "private",
            "bucket": "davids-airquality-static",
            "bucket_key_enabled": false,
            "cache_control": "",
            "content": null,
            "content_base64": null,
            "content_disposition": "",
            "content_encoding": "",
            "content_language": "",
            "content_type": "application/javascript",
            "etag": "769286e23c8efb7dd701d968aa79a659",
            "force_destroy": false,
            "id": "static/js/2.00210e1c.chunk.js",
            "key": "static/js/2.00210e1c.chunk.js",
            "kms_key_id": null,
            "metadata": null,
            "object_lock_legal_hold_status": "",
            "object_lock_mode": "",
            "object_lock_retain_until_date": "",
            "server_side_encryption": "",
            "source": "./../airquality-api/build/static/js/2.00210e1c.chunk.js",
            "source_hash": null,
            "storage_class": "STANDARD",
            "tags": null,
            "tags_all": {},
            "version_id": "",
            "website_redirect": ""
          },
          "sensitive_attributes": [],
          "private": "bnVsbA==",
          "dependencies": [
            "aws_s3_bucket.airquality_bucket"
          ]
        },
        {
          "index_key": "static/js/2.00210e1c.chunk.js.LICENSE.txt",
          "schema_version": 0,
          "attributes": {
            "acl": "private",
            "bucket": "davids-airquality-static",
            "bucket_key_enabled": false,
            "cache_control": "",
            "content": null,
            "content_base64": null,
            "content_disposition": "",
            "content_encoding": "",
            "content_language": "",
            "content_type": "text/plain; charset=utf-8",
            "etag": "3db8ecea27e667fbe34f11363f513041",
            "force_destroy": false,
            "id": "static/js/2.00210e1c.chunk.js.LICENSE.txt",
            "key": "static/js/2.00210e1c.chunk.js.LICENSE.txt",
            "kms_key_id": null,
            "metadata": null,
            "object_lock_legal_hold_status": "",
            "object_lock_mode": "",
            "object_lock_retain_until_date": "",
            "server_side_encryption": "",
            "source": "./../airquality-api/build/static/js/2.00210e1c.chunk.js.LICENSE.txt",
            "source_hash": null,
            "storage_class": "STANDARD",
            "tags": null,
            "tags_all": {},
            "version_id": "",
            "website_redirect": ""
          },
          "sensitive_attributes": [],
          "private": "bnVsbA==",
          "dependencies": [
            "aws_s3_bucket.airquality_bucket"
          ]
        },
        {
          "index_key": "static/js/2.00210e1c.chunk.js.map",
          "schema_version": 0,
          "attributes": {
            "acl": "private",
            "bucket": "davids-airquality-static",
            "bucket_key_enabled": false,
            "cache_control": "",
            "content": null,
            "content_base64": null,
            "content_disposition": "",
            "content_encoding": "",
            "content_language": "",
            "content_type": "application/octet-stream",
            "etag": "bc3f1a3ae929cc61546cbc5952431812",
            "force_destroy": false,
            "id": "static/js/2.00210e1c.chunk.js.map",
            "key": "static/js/2.00210e1c.chunk.js.map",
            "kms_key_id": null,
            "metadata": null,
            "object_lock_legal_hold_status": "",
            "object_lock_mode": "",
            "object_lock_retain_until_date": "",
            "server_side_encryption": "",
            "source": "./../airquality-api/build/static/js/2.00210e1c.chunk.js.map",
            "source_hash": null,
            "storage_class": "STANDARD",
            "tags": null,
            "tags_all": {},
            "version_id": "",
            "website_redirect": ""
          },
          "sensitive_attributes": [],
          "private": "bnVsbA==",
          "dependencies": [
            "aws_s3_bucket.airquality_bucket"
          ]
        },
        {
          "index_key": "static/js/main.a6ccd1d7.chunk.js",
          "schema_version": 0,
          "attributes": {
            "acl": "private",
            "bucket": "davids-airquality-static",
            "bucket_key_enabled": false,
            "cache_control": "",
            "content": null,
            "content_base64": null,
            "content_disposition": "",
            "content_encoding": "",
            "content_language": "",
            "content_type": "application/javascript",
            "etag": "ad91cb40a8816682fb1f5ed4f286daf6",
            "force_destroy": false,
            "id": "static/js/main.a6ccd1d7.chunk.js",
            "key": "static/js/main.a6ccd1d7.chunk.js",
            "kms_key_id": null,
            "metadata": null,
            "object_lock_legal_hold_status": "",
            "object_lock_mode": "",
            "object_lock_retain_until_date": "",
            "server_side_encryption": "",
            "source": "./../airquality-api/build/static/js/main.a6ccd1d7.chunk.js",
            "source_hash": null,
            "storage_class": "STANDARD",
            "tags": null,
            "tags_all": {},
            "version_id": "",
            "website_redirect": ""
          },
          "sensitive_attributes": [],
          "private": "bnVsbA==",
          "dependencies": [
            "aws_s3_bucket.airquality_bucket"
          ]
        },
        {
          "index_key": "static/js/main.a6ccd1d7.chunk.js.map",
          "schema_version": 0,
          "attributes": {
            "acl": "private",
            "bucket": "davids-airquality-static",
            "bucket_key_enabled": false,
            "cache_control": "",
            "content": null,
            "content_base64": null,
            "content_disposition": "",
            "content_encoding": "",
            "content_language": "",
            "content_type": "application/octet-stream",
            "etag": "c8ee6655affae863a0ba41cadf7f447c",
            "force_destroy": false,
            "id": "static/js/main.a6ccd1d7.chunk.js.map",
            "key": "static/js/main.a6ccd1d7.chunk.js.map",
            "kms_key_id": null,
            "metadata": null,
            "object_lock_legal_hold_status": "",
            "object_lock_mode": "",
            "object_lock_retain_until_date": "",
            "server_side_encryption": "",
            "source": "./../airquality-api/build/static/js/main.a6ccd1d7.chunk.js.map",
            "source_hash": null,
            "storage_class": "STANDARD",
            "tags": null,
            "tags_all": {},
            "version_id": "",
            "website_redirect": ""
          },
          "sensitive_attributes": [],
          "private": "bnVsbA==",
          "dependencies": [
            "aws_s3_bucket.airquality_bucket"
          ]
        },
        {
          "index_key": "static/js/runtime-main.c9dbbf81.js",
          "schema_version": 0,
          "attributes": {
            "acl": "private",
            "bucket": "davids-airquality-static",
            "bucket_key_enabled": false,
            "cache_control": "",
            "content": null,
            "content_base64": null,
            "content_disposition": "",
            "content_encoding": "",
            "content_language": "",
            "content_type": "application/javascript",
            "etag": "d4efbd5628257c3e78783969fbda98fb",
            "force_destroy": false,
            "id": "static/js/runtime-main.c9dbbf81.js",
            "key": "static/js/runtime-main.c9dbbf81.js",
            "kms_key_id": null,
            "metadata": {},
            "object_lock_legal_hold_status": "",
            "object_lock_mode": "",
            "object_lock_retain_until_date": "",
            "server_side_encryption": "",
            "source": "./../airquality-api/build/static/js/runtime-main.c9dbbf81.js",
            "source_hash": null,
            "storage_class": "STANDARD",
            "tags": {},
            "tags_all": {},
            "version_id": "",
            "website_redirect": ""
          },
          "sensitive_attributes": [],
          "private": "bnVsbA==",
          "dependencies": [
            "aws_s3_bucket.airquality_bucket"
          ]
        },
        {
          "index_key": "static/js/runtime-main.c9dbbf81.js.map",
          "schema_version": 0,
          "attributes": {
            "acl": "private",
            "bucket": "davids-airquality-static",
            "bucket_key_enabled": false,
            "cache_control": "",
            "content": null,
            "content_base64": null,
            "content_disposition": "",
            "content_encoding": "",
            "content_language": "",
            "content_type": "application/octet-stream",
            "etag": "80c8fa964989f418b65a84e2fc015158",
            "force_destroy": false,
            "id": "static/js/runtime-main.c9dbbf81.js.map",
            "key": "static/js/runtime-main.c9dbbf81.js.map",
            "kms_key_id": null,
            "metadata": {},
            "object_lock_legal_hold_status": "",
            "object_lock_mode": "",
            "object_lock_retain_until_date": "",
            "server_side_encryption": "",
            "source": "./../airquality-api/build/static/js/runtime-main.c9dbbf81.js.map",
            "source_hash": null,
            "storage_class": "STANDARD",
            "tags": {},
            "tags_all": {},
            "version_id": "",
            "website_redirect": ""
          },
          "sensitive_attributes": [],
          "private": "bnVsbA==",
          "dependencies": [
            "aws_s3_bucket.airquality_bucket"
          ]
        }
      ]
    }
  ]
}
